
Microsoft Visual Studio Solution File, Format Version 12.00
# Visual Studio Version 17
VisualStudioVersion = 17.2.32526.322
MinimumVisualStudioVersion = 10.0.40219.1
Project("{FAE04EC0-301F-11D3-BF4B-00C04F79EFBC}") = "DotNET-Zadanie-4-ININ3-PR1v2", "DotNET-Zadanie-4-ININ3-PR1v2\DotNET-Zadanie-4-ININ3-PR1v2.csproj", "{BD6208BE-D283-4DBE-8448-806D7D611F30}"
EndProject
Global
	GlobalSection(SolutionConfigurationPlatforms) = preSolution
		Debug|Any CPU = Debug|Any CPU
		Release|Any CPU = Release|Any CPU
	EndGlobalSection
	GlobalSection(ProjectConfigurationPlatforms) = postSolution
		{BD6208BE-D283-4DBE-8448-806D7D611F30}.Debug|Any CPU.ActiveCfg = Debug|Any CPU
		{BD6208BE-D283-4DBE-8448-806D7D611F30}.Debug|Any CPU.Build.0 = Debug|Any CPU
		{BD6208BE-D283-4DBE-8448-806D7D611F30}.Release|Any CPU.ActiveCfg = Release|Any CPU
		{BD6208BE-D283-4DBE-8448-806D7D611F30}.Release|Any CPU.Build.0 = Release|Any CPU
	EndGlobalSection
	GlobalSection(SolutionProperties) = preSolution
		HideSolutionNode = FALSE
	EndGlobalSection
	GlobalSection(ExtensibilityGlobals) = postSolution
		SolutionGuid = {773890AF-0979-4E68-A52B-E3B8D57B4CB3}
	EndGlobalSection
EndGlobal
